
Microsoft Visual Studio Solution File, Format Version 12.00
# Visual Studio Version 17
VisualStudioVersion = 17.10.34916.146
MinimumVisualStudioVersion = 10.0.40219.1
Project("{FAE04EC0-301F-11D3-BF4B-00C04F79EFBC}") = "ST10045251_PROG_POE", "ST10045251_PROG_POE.csproj", "{6E62BA38-369E-4570-93E5-48F7942070A7}"
EndProject
Global
	GlobalSection(SolutionConfigurationPlatforms) = preSolution
		Debug|Any CPU = Debug|Any CPU
		Release|Any CPU = Release|Any CPU
	EndGlobalSection
	GlobalSection(ProjectConfigurationPlatforms) = postSolution
		{6E62BA38-369E-4570-93E5-48F7942070A7}.Debug|Any CPU.ActiveCfg = Debug|Any CPU
		{6E62BA38-369E-4570-93E5-48F7942070A7}.Debug|Any CPU.Build.0 = Debug|Any CPU
		{6E62BA38-369E-4570-93E5-48F7942070A7}.Release|Any CPU.ActiveCfg = Release|Any CPU
		{6E62BA38-369E-4570-93E5-48F7942070A7}.Release|Any CPU.Build.0 = Release|Any CPU
	EndGlobalSection
	GlobalSection(SolutionProperties) = preSolution
		HideSolutionNode = FALSE
	EndGlobalSection
	GlobalSection(ExtensibilityGlobals) = postSolution
		SolutionGuid = {97DE885A-1DF0-43A7-B917-67E18316F48C}
	EndGlobalSection
EndGlobal
